
Microsoft Visual Studio Solution File, Format Version 12.00
# Visual Studio Version 16
VisualStudioVersion = 16.0.31105.61
MinimumVisualStudioVersion = 10.0.40219.1
Project("{FAE04EC0-301F-11D3-BF4B-00C04F79EFBC}") = "BDInmoSturniolo", "BDInmoSturniolo\BDInmoSturniolo.csproj", "{527E6A19-CAAF-4B11-BEF9-E3F4690187F5}"
EndProject
Global
	GlobalSection(SolutionConfigurationPlatforms) = preSolution
		Debug|Any CPU = Debug|Any CPU
		Release|Any CPU = Release|Any CPU
	EndGlobalSection
	GlobalSection(ProjectConfigurationPlatforms) = postSolution
		{527E6A19-CAAF-4B11-BEF9-E3F4690187F5}.Debug|Any CPU.ActiveCfg = Debug|Any CPU
		{527E6A19-CAAF-4B11-BEF9-E3F4690187F5}.Debug|Any CPU.Build.0 = Debug|Any CPU
		{527E6A19-CAAF-4B11-BEF9-E3F4690187F5}.Release|Any CPU.ActiveCfg = Release|Any CPU
		{527E6A19-CAAF-4B11-BEF9-E3F4690187F5}.Release|Any CPU.Build.0 = Release|Any CPU
	EndGlobalSection
	GlobalSection(SolutionProperties) = preSolution
		HideSolutionNode = FALSE
	EndGlobalSection
	GlobalSection(ExtensibilityGlobals) = postSolution
		SolutionGuid = {00394C6D-BBF7-4F18-9389-0BCFCE454EAF}
	EndGlobalSection
EndGlobal
